{
  "name": "platforms-hw-lib",
  "version": "1.0.0",
  "lockfileVersion": 1,
  "requires": true,
  "dependencies": {
    "@barsich/platforms-hw": {
      "version": "1.0.0",
      "resolved": "https://npm.pkg.github.com/download/@barsich/platforms-hw/1.0.0/2d6b952528af4955565f29fc69804116917a977740e36751b8a8c815c075069b",
      "integrity": "sha512-UzTFDPQJ8bSz4kz3Ire52n1gebK+AKHw7h+i0S0ZiYa5FNoA2FdAgCtS15gZSI83NS2oFETu+sXS2KGOGhUM1Q=="
    }
  }
}
