{
  "name": "platforms-hw-lib",
  "version": "1.0.0",
  "lockfileVersion": 1,
  "requires": true,
  "dependencies": {
    "@barsich/platformshw": {
      "version": "1.0.1",
      "resolved": "https://npm.pkg.github.com/download/@barsich/platformshw/1.0.1/65b2fb73b45905f9a46b44cda11a5e6b6c6d6103ff352ade187c997ce02471b1",
      "integrity": "sha512-vgkRh/w2l8+Du4RGJ0R9vqsg5iOlVM4Pcl0U3m7ZC2YLQ5aG2/Ncit8wiey1U2mzn/63cu3ZtmWze+H1sPk/5w=="
    }
  }
}
